
Microsoft Visual Studio Solution File, Format Version 12.00
# Visual Studio Version 16
VisualStudioVersion = 16.0.31229.75
MinimumVisualStudioVersion = 10.0.40219.1
Project("{FAE04EC0-301F-11D3-BF4B-00C04F79EFBC}") = "ExpenseTrackerAPI", "ExpenseTrackerAPI\ExpenseTrackerAPI.csproj", "{4C0EDA24-8510-46B2-9FF7-41E8DC7A9BB6}"
EndProject
Global
	GlobalSection(SolutionConfigurationPlatforms) = preSolution
		Debug|Any CPU = Debug|Any CPU
		Release|Any CPU = Release|Any CPU
	EndGlobalSection
	GlobalSection(ProjectConfigurationPlatforms) = postSolution
		{4C0EDA24-8510-46B2-9FF7-41E8DC7A9BB6}.Debug|Any CPU.ActiveCfg = Debug|Any CPU
		{4C0EDA24-8510-46B2-9FF7-41E8DC7A9BB6}.Debug|Any CPU.Build.0 = Debug|Any CPU
		{4C0EDA24-8510-46B2-9FF7-41E8DC7A9BB6}.Release|Any CPU.ActiveCfg = Release|Any CPU
		{4C0EDA24-8510-46B2-9FF7-41E8DC7A9BB6}.Release|Any CPU.Build.0 = Release|Any CPU
	EndGlobalSection
	GlobalSection(SolutionProperties) = preSolution
		HideSolutionNode = FALSE
	EndGlobalSection
	GlobalSection(ExtensibilityGlobals) = postSolution
		SolutionGuid = {F12A3C3E-1A7A-4543-80E1-5C9DFB156991}
	EndGlobalSection
EndGlobal
